{
  "originHash" : "2250b42d521065c176821d9d2ffdb82e6855e0fd1726bb88dc2d3bca5b4b1270",
  "pins" : [
    {
      "identity" : "argon2swift",
      "kind" : "remoteSourceControl",
      "location" : "https://github.com/tmthecoder/Argon2Swift.git",
      "state" : {
        "revision" : "53543623fefe68461b7eeea03d7f96677c2fd76d"
      }
    },
    {
      "identity" : "microsoft-authentication-library-for-objc",
      "kind" : "remoteSourceControl",
      "location" : "https://github.com/AzureAD/microsoft-authentication-library-for-objc.git",
      "state" : {
        "revision" : "be848ee7fa9516cec47ae6de47cf1087d51bc774",
        "version" : "1.9.0"
      }
    },
    {
      "identity" : "phc-winner-argon2",
      "kind" : "remoteSourceControl",
      "location" : "https://github.com/P-H-C/phc-winner-argon2.git",
      "state" : {
        "branch" : "master",
        "revision" : "f57e61e19229e23c4445b85494dbf7c07de721cb"
      }
    },
    {
      "identity" : "swiftydropbox",
      "kind" : "remoteSourceControl",
      "location" : "https://github.com/dropbox/SwiftyDropbox.git",
      "state" : {
        "revision" : "e315e0b14edb83f022134aef389deb4e8bee6bbf",
        "version" : "10.2.4"
      }
    }
  ],
  "version" : 3
}
